
Microsoft Visual Studio Solution File, Format Version 12.00
# Visual Studio 15
VisualStudioVersion = 15.0.28307.168
MinimumVisualStudioVersion = 10.0.40219.1
Project("{FAE04EC0-301F-11D3-BF4B-00C04F79EFBC}") = "Task1", "Task1\Task1.csproj", "{064892C4-9467-42C3-9F97-5416331AF516}"
EndProject
Project("{FAE04EC0-301F-11D3-BF4B-00C04F79EFBC}") = "Task2", "Task2\Task2.csproj", "{17A36692-08DB-433B-9A6B-95E71D7460AC}"
EndProject
Project("{FAE04EC0-301F-11D3-BF4B-00C04F79EFBC}") = "test", "test\test.csproj", "{716C53F8-6F54-4270-B2EA-D909BB987D02}"
EndProject
Global
	GlobalSection(SolutionConfigurationPlatforms) = preSolution
		Debug|Any CPU = Debug|Any CPU
		Release|Any CPU = Release|Any CPU
	EndGlobalSection
	GlobalSection(ProjectConfigurationPlatforms) = postSolution
		{064892C4-9467-42C3-9F97-5416331AF516}.Debug|Any CPU.ActiveCfg = Debug|Any CPU
		{064892C4-9467-42C3-9F97-5416331AF516}.Debug|Any CPU.Build.0 = Debug|Any CPU
		{064892C4-9467-42C3-9F97-5416331AF516}.Release|Any CPU.ActiveCfg = Release|Any CPU
		{064892C4-9467-42C3-9F97-5416331AF516}.Release|Any CPU.Build.0 = Release|Any CPU
		{17A36692-08DB-433B-9A6B-95E71D7460AC}.Debug|Any CPU.ActiveCfg = Debug|Any CPU
		{17A36692-08DB-433B-9A6B-95E71D7460AC}.Debug|Any CPU.Build.0 = Debug|Any CPU
		{17A36692-08DB-433B-9A6B-95E71D7460AC}.Release|Any CPU.ActiveCfg = Release|Any CPU
		{17A36692-08DB-433B-9A6B-95E71D7460AC}.Release|Any CPU.Build.0 = Release|Any CPU
		{716C53F8-6F54-4270-B2EA-D909BB987D02}.Debug|Any CPU.ActiveCfg = Debug|Any CPU
		{716C53F8-6F54-4270-B2EA-D909BB987D02}.Debug|Any CPU.Build.0 = Debug|Any CPU
		{716C53F8-6F54-4270-B2EA-D909BB987D02}.Release|Any CPU.ActiveCfg = Release|Any CPU
		{716C53F8-6F54-4270-B2EA-D909BB987D02}.Release|Any CPU.Build.0 = Release|Any CPU
	EndGlobalSection
	GlobalSection(SolutionProperties) = preSolution
		HideSolutionNode = FALSE
	EndGlobalSection
	GlobalSection(ExtensibilityGlobals) = postSolution
		SolutionGuid = {814143B6-DA5B-4131-8014-18713A0A45E5}
	EndGlobalSection
EndGlobal
