
Microsoft Visual Studio Solution File, Format Version 12.00
# Visual Studio 15
VisualStudioVersion = 15.0.28307.168
MinimumVisualStudioVersion = 10.0.40219.1
Project("{FAE04EC0-301F-11D3-BF4B-00C04F79EFBC}") = "Ex6", "Ex6\Ex6.csproj", "{A12E1DDD-8D90-4715-A661-599CDE0E8C78}"
EndProject
Global
	GlobalSection(SolutionConfigurationPlatforms) = preSolution
		Debug|Any CPU = Debug|Any CPU
		Release|Any CPU = Release|Any CPU
	EndGlobalSection
	GlobalSection(ProjectConfigurationPlatforms) = postSolution
		{A12E1DDD-8D90-4715-A661-599CDE0E8C78}.Debug|Any CPU.ActiveCfg = Debug|Any CPU
		{A12E1DDD-8D90-4715-A661-599CDE0E8C78}.Debug|Any CPU.Build.0 = Debug|Any CPU
		{A12E1DDD-8D90-4715-A661-599CDE0E8C78}.Release|Any CPU.ActiveCfg = Release|Any CPU
		{A12E1DDD-8D90-4715-A661-599CDE0E8C78}.Release|Any CPU.Build.0 = Release|Any CPU
	EndGlobalSection
	GlobalSection(SolutionProperties) = preSolution
		HideSolutionNode = FALSE
	EndGlobalSection
	GlobalSection(ExtensibilityGlobals) = postSolution
		SolutionGuid = {65393873-F0E7-4113-A6E6-CEF135CDC795}
	EndGlobalSection
EndGlobal
