
Microsoft Visual Studio Solution File, Format Version 12.00
# Visual Studio 15
VisualStudioVersion = 15.0.28307.168
MinimumVisualStudioVersion = 10.0.40219.1
Project("{FAE04EC0-301F-11D3-BF4B-00C04F79EFBC}") = "Snake_Game", "Snake\Snake_Game.csproj", "{1974E9B6-52ED-4C26-83C8-7F78CF18C74E}"
EndProject
Global
	GlobalSection(SolutionConfigurationPlatforms) = preSolution
		Debug|Any CPU = Debug|Any CPU
		Release|Any CPU = Release|Any CPU
	EndGlobalSection
	GlobalSection(ProjectConfigurationPlatforms) = postSolution
		{1974E9B6-52ED-4C26-83C8-7F78CF18C74E}.Debug|Any CPU.ActiveCfg = Debug|Any CPU
		{1974E9B6-52ED-4C26-83C8-7F78CF18C74E}.Debug|Any CPU.Build.0 = Debug|Any CPU
		{1974E9B6-52ED-4C26-83C8-7F78CF18C74E}.Release|Any CPU.ActiveCfg = Release|Any CPU
		{1974E9B6-52ED-4C26-83C8-7F78CF18C74E}.Release|Any CPU.Build.0 = Release|Any CPU
	EndGlobalSection
	GlobalSection(SolutionProperties) = preSolution
		HideSolutionNode = FALSE
	EndGlobalSection
	GlobalSection(ExtensibilityGlobals) = postSolution
		SolutionGuid = {C35C26F2-6105-44CB-B824-26E312492733}
	EndGlobalSection
EndGlobal
