
Microsoft Visual Studio Solution File, Format Version 12.00
# Visual Studio 15
VisualStudioVersion = 15.0.28307.168
MinimumVisualStudioVersion = 10.0.40219.1
Project("{FAE04EC0-301F-11D3-BF4B-00C04F79EFBC}") = "Ex5", "Ex5\Ex5.csproj", "{AB56124C-4438-4364-9E8B-184EB847F721}"
EndProject
Project("{FAE04EC0-301F-11D3-BF4B-00C04F79EFBC}") = "Ex6", "Ex6\Ex6.csproj", "{A2A4A3EA-31F2-4880-9A85-FE0089721B06}"
EndProject
Global
	GlobalSection(SolutionConfigurationPlatforms) = preSolution
		Debug|Any CPU = Debug|Any CPU
		Release|Any CPU = Release|Any CPU
	EndGlobalSection
	GlobalSection(ProjectConfigurationPlatforms) = postSolution
		{AB56124C-4438-4364-9E8B-184EB847F721}.Debug|Any CPU.ActiveCfg = Debug|Any CPU
		{AB56124C-4438-4364-9E8B-184EB847F721}.Debug|Any CPU.Build.0 = Debug|Any CPU
		{AB56124C-4438-4364-9E8B-184EB847F721}.Release|Any CPU.ActiveCfg = Release|Any CPU
		{AB56124C-4438-4364-9E8B-184EB847F721}.Release|Any CPU.Build.0 = Release|Any CPU
		{A2A4A3EA-31F2-4880-9A85-FE0089721B06}.Debug|Any CPU.ActiveCfg = Debug|Any CPU
		{A2A4A3EA-31F2-4880-9A85-FE0089721B06}.Debug|Any CPU.Build.0 = Debug|Any CPU
		{A2A4A3EA-31F2-4880-9A85-FE0089721B06}.Release|Any CPU.ActiveCfg = Release|Any CPU
		{A2A4A3EA-31F2-4880-9A85-FE0089721B06}.Release|Any CPU.Build.0 = Release|Any CPU
	EndGlobalSection
	GlobalSection(SolutionProperties) = preSolution
		HideSolutionNode = FALSE
	EndGlobalSection
	GlobalSection(ExtensibilityGlobals) = postSolution
		SolutionGuid = {12F65E14-677F-4591-A7F6-60376157504E}
	EndGlobalSection
EndGlobal
