
Microsoft Visual Studio Solution File, Format Version 12.00
# Visual Studio 15
VisualStudioVersion = 15.0.28307.168
MinimumVisualStudioVersion = 10.0.40219.1
Project("{FAE04EC0-301F-11D3-BF4B-00C04F79EFBC}") = "Quiz2_Task2", "Quiz2_Task2\Quiz2_Task2.csproj", "{317822D9-9FE7-4E4A-9AE1-A54D930E83C9}"
EndProject
Global
	GlobalSection(SolutionConfigurationPlatforms) = preSolution
		Debug|Any CPU = Debug|Any CPU
		Release|Any CPU = Release|Any CPU
	EndGlobalSection
	GlobalSection(ProjectConfigurationPlatforms) = postSolution
		{317822D9-9FE7-4E4A-9AE1-A54D930E83C9}.Debug|Any CPU.ActiveCfg = Debug|Any CPU
		{317822D9-9FE7-4E4A-9AE1-A54D930E83C9}.Debug|Any CPU.Build.0 = Debug|Any CPU
		{317822D9-9FE7-4E4A-9AE1-A54D930E83C9}.Release|Any CPU.ActiveCfg = Release|Any CPU
		{317822D9-9FE7-4E4A-9AE1-A54D930E83C9}.Release|Any CPU.Build.0 = Release|Any CPU
	EndGlobalSection
	GlobalSection(SolutionProperties) = preSolution
		HideSolutionNode = FALSE
	EndGlobalSection
	GlobalSection(ExtensibilityGlobals) = postSolution
		SolutionGuid = {02032122-F492-40D0-A852-9563FD755A8D}
	EndGlobalSection
EndGlobal
